# THIS IS AN AUTOGENERATED FILE. DO NOT EDIT THIS FILE DIRECTLY.
# yarn lockfile v1


"@types/graphql@0.10.2":
  version "0.10.2"
  resolved "https://registry.yarnpkg.com/@types/graphql/-/graphql-0.10.2.tgz#d7c79acbaa17453b6681c80c34b38fcb10c4c08c"

ansi-styles@^3.1.0:
  version "3.2.0"
  resolved "https://registry.yarnpkg.com/ansi-styles/-/ansi-styles-3.2.0.tgz#c159b8d5be0f9e5a6f346dab94f16ce022161b88"
  dependencies:
    color-convert "^1.9.0"

apollo-client@^1.9.2:
  version "1.9.2"
  resolved "https://registry.yarnpkg.com/apollo-client/-/apollo-client-1.9.2.tgz#a95b38ca846e881bba1b59b0e3fbf82abfd7f23d"
  dependencies:
    apollo-link-core "^0.5.0"
    graphql "^0.10.0"
    graphql-anywhere "^3.0.1"
    graphql-tag "^2.0.0"
    redux "^3.4.0"
    symbol-observable "^1.0.2"
    whatwg-fetch "^2.0.0"
  optionalDependencies:
    "@types/graphql" "0.10.2"

apollo-link-core@^0.5.0:
  version "0.5.4"
  resolved "https://registry.yarnpkg.com/apollo-link-core/-/apollo-link-core-0.5.4.tgz#8efd4cd747959872a32f313f0ccfc2a76b396668"
  dependencies:
    graphql "^0.10.3"
    graphql-tag "^2.4.2"
    zen-observable-ts "^0.4.4"

chalk@^2.1.0:
  version "2.1.0"
  resolved "https://registry.yarnpkg.com/chalk/-/chalk-2.1.0.tgz#ac5becf14fa21b99c6c92ca7a7d7cfd5b17e743e"
  dependencies:
    ansi-styles "^3.1.0"
    escape-string-regexp "^1.0.5"
    supports-color "^4.0.0"

color-convert@^1.9.0:
  version "1.9.0"
  resolved "https://registry.yarnpkg.com/color-convert/-/color-convert-1.9.0.tgz#1accf97dd739b983bf994d56fec8f95853641b7a"
  dependencies:
    color-name "^1.1.1"

color-name@^1.1.1:
  version "1.1.3"
  resolved "https://registry.yarnpkg.com/color-name/-/color-name-1.1.3.tgz#a7d0558bd89c42f795dd42328f740831ca53bc25"

dotenv@^4.0.0:
  version "4.0.0"
  resolved "https://registry.yarnpkg.com/dotenv/-/dotenv-4.0.0.tgz#864ef1379aced55ce6f95debecdce179f7a0cd1d"

encoding@^0.1.11:
  version "0.1.12"
  resolved "https://registry.yarnpkg.com/encoding/-/encoding-0.1.12.tgz#538b66f3ee62cd1ab51ec323829d1f9480c74beb"
  dependencies:
    iconv-lite "~0.4.13"

escape-string-regexp@^1.0.5:
  version "1.0.5"
  resolved "https://registry.yarnpkg.com/escape-string-regexp/-/escape-string-regexp-1.0.5.tgz#1b61c0562190a8dff6ae3bb2cf0200ca130b86d4"

graphql-anywhere@^3.0.1:
  version "3.1.0"
  resolved "https://registry.yarnpkg.com/graphql-anywhere/-/graphql-anywhere-3.1.0.tgz#3ea0d8e8646b5cee68035016a9a7557c15c21e96"

graphql-query-factory@^1.0.15:
  version "1.0.19"
  resolved "https://registry.yarnpkg.com/graphql-query-factory/-/graphql-query-factory-1.0.19.tgz#e98975b32dd0c423b42f18219f6397b0d2ccba12"
  dependencies:
    apollo-client "^1.9.2"
    dotenv "^4.0.0"
    graphql-tag "^2.4.2"
    node-fetch "^1.7.3"

graphql-tag@^2.0.0, graphql-tag@^2.4.2:
  version "2.4.2"
  resolved "https://registry.yarnpkg.com/graphql-tag/-/graphql-tag-2.4.2.tgz#6a63297d8522d03a2b72d26f1b239aab343840cd"

graphql@^0.10.0, graphql@^0.10.3:
  version "0.10.5"
  resolved "https://registry.yarnpkg.com/graphql/-/graphql-0.10.5.tgz#c9be17ca2bdfdbd134077ffd9bbaa48b8becd298"
  dependencies:
    iterall "^1.1.0"

has-flag@^2.0.0:
  version "2.0.0"
  resolved "https://registry.yarnpkg.com/has-flag/-/has-flag-2.0.0.tgz#e8207af1cc7b30d446cc70b734b5e8be18f88d51"

iconv-lite@~0.4.13:
  version "0.4.19"
  resolved "https://registry.yarnpkg.com/iconv-lite/-/iconv-lite-0.4.19.tgz#f7468f60135f5e5dad3399c0a81be9a1603a082b"

is-stream@^1.0.1:
  version "1.1.0"
  resolved "https://registry.yarnpkg.com/is-stream/-/is-stream-1.1.0.tgz#12d4a3dd4e68e0b79ceb8dbc84173ae80d91ca44"

iterall@^1.1.0:
  version "1.1.1"
  resolved "https://registry.yarnpkg.com/iterall/-/iterall-1.1.1.tgz#f7f0af11e9a04ec6426260f5019d9fcca4d50214"

js-tokens@^3.0.0:
  version "3.0.2"
  resolved "https://registry.yarnpkg.com/js-tokens/-/js-tokens-3.0.2.tgz#9866df395102130e38f7f996bceb65443209c25b"

lodash-es@^4.2.1:
  version "4.17.4"
  resolved "https://registry.yarnpkg.com/lodash-es/-/lodash-es-4.17.4.tgz#dcc1d7552e150a0640073ba9cb31d70f032950e7"

lodash@^4.2.1:
  version "4.17.4"
  resolved "https://registry.yarnpkg.com/lodash/-/lodash-4.17.4.tgz#78203a4d1c328ae1d86dca6460e369b57f4055ae"

loose-envify@^1.1.0:
  version "1.3.1"
  resolved "https://registry.yarnpkg.com/loose-envify/-/loose-envify-1.3.1.tgz#d1a8ad33fa9ce0e713d65fdd0ac8b748d478c848"
  dependencies:
    js-tokens "^3.0.0"

node-fetch@^1.7.3:
  version "1.7.3"
  resolved "https://registry.yarnpkg.com/node-fetch/-/node-fetch-1.7.3.tgz#980f6f72d85211a5347c6b2bc18c5b84c3eb47ef"
  dependencies:
    encoding "^0.1.11"
    is-stream "^1.0.1"

redux@^3.4.0:
  version "3.7.2"
  resolved "https://registry.yarnpkg.com/redux/-/redux-3.7.2.tgz#06b73123215901d25d065be342eb026bc1c8537b"
  dependencies:
    lodash "^4.2.1"
    lodash-es "^4.2.1"
    loose-envify "^1.1.0"
    symbol-observable "^1.0.3"

supports-color@^4.0.0:
  version "4.4.0"
  resolved "https://registry.yarnpkg.com/supports-color/-/supports-color-4.4.0.tgz#883f7ddabc165142b2a61427f3352ded195d1a3e"
  dependencies:
    has-flag "^2.0.0"

symbol-observable@^1.0.2, symbol-observable@^1.0.3:
  version "1.0.4"
  resolved "https://registry.yarnpkg.com/symbol-observable/-/symbol-observable-1.0.4.tgz#29bf615d4aa7121bdd898b22d4b3f9bc4e2aa03d"

whatwg-fetch@^2.0.0:
  version "2.0.3"
  resolved "https://registry.yarnpkg.com/whatwg-fetch/-/whatwg-fetch-2.0.3.tgz#9c84ec2dcf68187ff00bc64e1274b442176e1c84"

zen-observable-ts@^0.4.4:
  version "0.4.4"
  resolved "https://registry.yarnpkg.com/zen-observable-ts/-/zen-observable-ts-0.4.4.tgz#c244c71eaebef79a985ccf9895bc90307a6e9712"
